<?xml version="1.0" encoding="utf-8"?>
<Project ToolsVersion="4.0" xmlns="http://schemas.microsoft.com/developer/msbuild/2003">
  <ItemGroup>
    <Filter Include="소스 파일">
      <UniqueIdentifier>{4FC737F1-C7A5-4376-A066-2A32D752A2FF}</UniqueIdentifier>
      <Extensions>cpp;c;cc;cxx;def;odl;idl;hpj;bat;asm;asmx</Extensions>
    </Filter>
    <Filter Include="헤더 파일">
      <UniqueIdentifier>{93995380-89BD-4b04-88EB-625FBE52EBFB}</UniqueIdentifier>
      <Extensions>h;hh;hpp;hxx;hm;inl;inc;xsd</Extensions>
    </Filter>
    <Filter Include="리소스 파일">
      <UniqueIdentifier>{67DA6AB6-F800-4c08-8B7A-83BB121AAD01}</UniqueIdentifier>
      <Extensions>rc;ico;cur;bmp;dlg;rc2;rct;bin;rgs;gif;jpg;jpeg;jpe;resx;tiff;tif;png;wav;mfcribbon-ms</Extensions>
    </Filter>
    <Filter Include="소스 파일\System">
      <UniqueIdentifier>{922f9d4b-36a4-4850-bd81-1ac922808a37}</UniqueIdentifier>
    </Filter>
    <Filter Include="소스 파일\System\Scene">
      <UniqueIdentifier>{c153977d-4e45-43b6-8e0a-cd1aa267b22e}</UniqueIdentifier>
    </Filter>
    <Filter Include="소스 파일\System\Scene\InGame">
      <UniqueIdentifier>{afd471f1-1984-4ffc-b2f8-108178962cc6}</UniqueIdentifier>
    </Filter>
    <Filter Include="소스 파일\System\Scene\Battle">
      <UniqueIdentifier>{2a7e4100-7425-40c6-a03c-bb733761cfd9}</UniqueIdentifier>
    </Filter>
    <Filter Include="SoundManager">
      <UniqueIdentifier>{d337514a-f9c6-4a6b-8996-8befc0e47de9}</UniqueIdentifier>
    </Filter>
    <Filter Include="소스 파일\Objects">
      <UniqueIdentifier>{fd811ec3-a463-4854-8da8-f46b4d489e51}</UniqueIdentifier>
    </Filter>
    <Filter Include="소스 파일\Objects\Enemy">
      <UniqueIdentifier>{134bc0c4-df0f-4b23-8398-ef7e099bd299}</UniqueIdentifier>
    </Filter>
    <Filter Include="소스 파일\Objects\Enemy\EnemyInfant">
      <UniqueIdentifier>{e05353fb-35ad-41c4-a861-82d11c46d3ec}</UniqueIdentifier>
    </Filter>
    <Filter Include="소스 파일\Objects\Manager">
      <UniqueIdentifier>{30867e2a-21b4-44d1-a642-b29d8f98fd7d}</UniqueIdentifier>
    </Filter>
    <Filter Include="소스 파일\Objects\Items">
      <UniqueIdentifier>{d427a39f-a8e1-4dc8-bff7-df1d77257a5c}</UniqueIdentifier>
    </Filter>
    <Filter Include="소스 파일\Objects\Items\Castle">
      <UniqueIdentifier>{56f13752-2575-4878-942b-743b93e707ee}</UniqueIdentifier>
    </Filter>
    <Filter Include="소스 파일\Objects\Enemy\EnemyInfant\Peasant">
      <UniqueIdentifier>{f9b27692-4e98-4207-ad4a-4af9c55c9506}</UniqueIdentifier>
    </Filter>
    <Filter Include="소스 파일\Objects\Enemy\EnemyInfant\Warrior">
      <UniqueIdentifier>{dc2a8ce4-e901-471d-935d-34dbc8fb3a63}</UniqueIdentifier>
    </Filter>
    <Filter Include="소스 파일\System\Scene\Manage">
      <UniqueIdentifier>{23ff4ece-a62c-49d4-bd4a-fc746c9d63c8}</UniqueIdentifier>
    </Filter>
    <Filter Include="소스 파일\System\Scene\Intro">
      <UniqueIdentifier>{e4021840-686f-4ba2-bddd-9570a34a5f72}</UniqueIdentifier>
    </Filter>
    <Filter Include="소스 파일\Objects\Enemy\CEnemyArcher">
      <UniqueIdentifier>{f17ed225-4d3a-41ad-88bf-8eae6e2b2fcf}</UniqueIdentifier>
    </Filter>
    <Filter Include="소스 파일\Objects\Enemy\CEnemyArcher\Crossbowman">
      <UniqueIdentifier>{c69be30d-dc4b-4d76-98c0-4d13de65dfbc}</UniqueIdentifier>
    </Filter>
    <Filter Include="소스 파일\Objects\Enemy\EnemyInfant\Crusader">
      <UniqueIdentifier>{7b454e51-a443-4c5c-88fc-ac9141364201}</UniqueIdentifier>
    </Filter>
  </ItemGroup>
  <ItemGroup>
    <ClInclude Include="define.h">
      <Filter>헤더 파일</Filter>
    </ClInclude>
    <ClInclude Include="CGameSystem.h">
      <Filter>소스 파일\System</Filter>
    </ClInclude>
    <ClInclude Include="CInGame.h">
      <Filter>소스 파일\System\Scene\InGame</Filter>
    </ClInclude>
    <ClInclude Include="CBattle.h">
      <Filter>소스 파일\System\Scene\Battle</Filter>
    </ClInclude>
    <ClInclude Include="SoundManager.h">
      <Filter>SoundManager</Filter>
    </ClInclude>
    <ClInclude Include="CObject.h">
      <Filter>소스 파일\Objects</Filter>
    </ClInclude>
    <ClInclude Include="CVector3D.h">
      <Filter>헤더 파일</Filter>
    </ClInclude>
    <ClInclude Include="CEnemyInfant.h">
      <Filter>소스 파일\Objects\Enemy\EnemyInfant</Filter>
    </ClInclude>
    <ClInclude Include="CEnemyManager.h">
      <Filter>소스 파일\Objects\Manager</Filter>
    </ClInclude>
    <ClInclude Include="CEnemyList.h">
      <Filter>소스 파일\Objects\Manager</Filter>
    </ClInclude>
    <ClInclude Include="CItem.h">
      <Filter>소스 파일\Objects\Items</Filter>
    </ClInclude>
    <ClInclude Include="CCastle.h">
      <Filter>소스 파일\Objects\Items\Castle</Filter>
    </ClInclude>
    <ClInclude Include="CCrusader.h">
      <Filter>소스 파일\Objects\Enemy\EnemyInfant\Crusader</Filter>
    </ClInclude>
    <ClInclude Include="CPeasant.h">
      <Filter>소스 파일\Objects\Enemy\EnemyInfant\Peasant</Filter>
    </ClInclude>
    <ClInclude Include="CWarrior.h">
      <Filter>소스 파일\Objects\Enemy\EnemyInfant\Warrior</Filter>
    </ClInclude>
    <ClInclude Include="CManage.h">
      <Filter>소스 파일\System\Scene\Manage</Filter>
    </ClInclude>
    <ClInclude Include="CIntro.h">
      <Filter>소스 파일\System\Scene\Intro</Filter>
    </ClInclude>
    <ClInclude Include="CSprite.h">
      <Filter>헤더 파일</Filter>
    </ClInclude>
    <ClInclude Include="CAnimatedSprite.h">
      <Filter>헤더 파일</Filter>
    </ClInclude>
    <ClInclude Include="CEnemyArcher.h">
      <Filter>소스 파일\Objects\Enemy\CEnemyArcher</Filter>
    </ClInclude>
    <ClInclude Include="CCrossbowman.h">
      <Filter>소스 파일\Objects\Enemy\CEnemyArcher\Crossbowman</Filter>
    </ClInclude>
  </ItemGroup>
  <ItemGroup>
    <ClCompile Include="WinMain.cpp">
      <Filter>소스 파일</Filter>
    </ClCompile>
    <ClCompile Include="CGameSystem.cpp">
      <Filter>소스 파일\System</Filter>
    </ClCompile>
    <ClCompile Include="CInGame.cpp">
      <Filter>소스 파일\System\Scene\InGame</Filter>
    </ClCompile>
    <ClCompile Include="CBattle.cpp">
      <Filter>소스 파일\System\Scene\Battle</Filter>
    </ClCompile>
    <ClCompile Include="SoundManager.cpp">
      <Filter>SoundManager</Filter>
    </ClCompile>
    <ClCompile Include="CObject.cpp">
      <Filter>소스 파일\Objects</Filter>
    </ClCompile>
    <ClCompile Include="CEnemyInfant.cpp">
      <Filter>소스 파일\Objects\Enemy\EnemyInfant</Filter>
    </ClCompile>
    <ClCompile Include="CCastle.cpp">
      <Filter>소스 파일\Objects\Items\Castle</Filter>
    </ClCompile>
    <ClCompile Include="CCrusader.cpp">
      <Filter>소스 파일\Objects\Enemy\EnemyInfant\Crusader</Filter>
    </ClCompile>
    <ClCompile Include="CPeasant.cpp">
      <Filter>소스 파일\Objects\Enemy\EnemyInfant\Peasant</Filter>
    </ClCompile>
    <ClCompile Include="CWarrior.cpp">
      <Filter>소스 파일\Objects\Enemy\EnemyInfant\Warrior</Filter>
    </ClCompile>
    <ClCompile Include="CManage.cpp">
      <Filter>소스 파일\System\Scene\Manage</Filter>
    </ClCompile>
    <ClCompile Include="CIntro.cpp">
      <Filter>소스 파일\System\Scene\Intro</Filter>
    </ClCompile>
    <ClCompile Include="CEnemyArcher.cpp">
      <Filter>소스 파일\Objects\Enemy\CEnemyArcher</Filter>
    </ClCompile>
    <ClCompile Include="CCrossbowman.cpp">
      <Filter>소스 파일\Objects\Enemy\CEnemyArcher\Crossbowman</Filter>
    </ClCompile>
  </ItemGroup>
</Project>