<?xml version="1.0" encoding="utf-8"?>
<Project ToolsVersion="4.0" xmlns="http://schemas.microsoft.com/developer/msbuild/2003">
  <ItemGroup>
    <Filter Include="소스 파일">
      <UniqueIdentifier>{4FC737F1-C7A5-4376-A066-2A32D752A2FF}</UniqueIdentifier>
      <Extensions>cpp;c;cc;cxx;def;odl;idl;hpj;bat;asm;asmx</Extensions>
    </Filter>
    <Filter Include="헤더 파일">
      <UniqueIdentifier>{93995380-89BD-4b04-88EB-625FBE52EBFB}</UniqueIdentifier>
      <Extensions>h;hh;hpp;hxx;hm;inl;inc;xsd</Extensions>
    </Filter>
    <Filter Include="리소스 파일">
      <UniqueIdentifier>{67DA6AB6-F800-4c08-8B7A-83BB121AAD01}</UniqueIdentifier>
      <Extensions>rc;ico;cur;bmp;dlg;rc2;rct;bin;rgs;gif;jpg;jpeg;jpe;resx;tiff;tif;png;wav;mfcribbon-ms</Extensions>
    </Filter>
    <Filter Include="소스 파일\System">
      <UniqueIdentifier>{922f9d4b-36a4-4850-bd81-1ac922808a37}</UniqueIdentifier>
    </Filter>
    <Filter Include="소스 파일\System\Scene">
      <UniqueIdentifier>{c153977d-4e45-43b6-8e0a-cd1aa267b22e}</UniqueIdentifier>
    </Filter>
    <Filter Include="소스 파일\System\Scene\InGame">
      <UniqueIdentifier>{afd471f1-1984-4ffc-b2f8-108178962cc6}</UniqueIdentifier>
    </Filter>
    <Filter Include="소스 파일\System\Scene\Battle">
      <UniqueIdentifier>{2a7e4100-7425-40c6-a03c-bb733761cfd9}</UniqueIdentifier>
    </Filter>
    <Filter Include="SoundManager">
      <UniqueIdentifier>{d337514a-f9c6-4a6b-8996-8befc0e47de9}</UniqueIdentifier>
    </Filter>
    <Filter Include="소스 파일\Objects">
      <UniqueIdentifier>{fd811ec3-a463-4854-8da8-f46b4d489e51}</UniqueIdentifier>
    </Filter>
    <Filter Include="소스 파일\Objects\EnemyInfant">
      <UniqueIdentifier>{e05353fb-35ad-41c4-a861-82d11c46d3ec}</UniqueIdentifier>
    </Filter>
    <Filter Include="소스 파일\Objects\Manager">
      <UniqueIdentifier>{30867e2a-21b4-44d1-a642-b29d8f98fd7d}</UniqueIdentifier>
    </Filter>
  </ItemGroup>
  <ItemGroup>
    <ClInclude Include="define.h">
      <Filter>헤더 파일</Filter>
    </ClInclude>
    <ClInclude Include="CGameSystem.h">
      <Filter>소스 파일\System</Filter>
    </ClInclude>
    <ClInclude Include="CInGame.h">
      <Filter>소스 파일\System\Scene\InGame</Filter>
    </ClInclude>
    <ClInclude Include="CBattle.h">
      <Filter>소스 파일\System\Scene\Battle</Filter>
    </ClInclude>
    <ClInclude Include="SoundManager.h">
      <Filter>SoundManager</Filter>
    </ClInclude>
    <ClInclude Include="CObject.h">
      <Filter>소스 파일\Objects</Filter>
    </ClInclude>
    <ClInclude Include="CVector3D.h">
      <Filter>헤더 파일</Filter>
    </ClInclude>
    <ClInclude Include="CEnemyInfant.h">
      <Filter>소스 파일\Objects\EnemyInfant</Filter>
    </ClInclude>
    <ClInclude Include="CEnemyManager.h">
      <Filter>소스 파일\Objects\Manager</Filter>
    </ClInclude>
    <ClInclude Include="CEnemyList.h">
      <Filter>소스 파일\Objects\Manager</Filter>
    </ClInclude>
  </ItemGroup>
  <ItemGroup>
    <ClCompile Include="WinMain.cpp">
      <Filter>소스 파일</Filter>
    </ClCompile>
    <ClCompile Include="CGameSystem.cpp">
      <Filter>소스 파일\System</Filter>
    </ClCompile>
    <ClCompile Include="CInGame.cpp">
      <Filter>소스 파일\System\Scene\InGame</Filter>
    </ClCompile>
    <ClCompile Include="CBattle.cpp">
      <Filter>소스 파일\System\Scene\Battle</Filter>
    </ClCompile>
    <ClCompile Include="SoundManager.cpp">
      <Filter>SoundManager</Filter>
    </ClCompile>
    <ClCompile Include="CObject.cpp">
      <Filter>소스 파일\Objects</Filter>
    </ClCompile>
    <ClCompile Include="CEnemyInfant.cpp">
      <Filter>소스 파일\Objects\EnemyInfant</Filter>
    </ClCompile>
  </ItemGroup>
</Project>